
Microsoft Visual Studio Solution File, Format Version 12.00
# Visual Studio Version 17
VisualStudioVersion = 17.7.34031.279
MinimumVisualStudioVersion = 10.0.40219.1
Project("{9A19103F-16F7-4668-BE54-9A1E7A4F7556}") = "VoxelMeshingTest", "VoxelMeshingTest.csproj", "{F8FDD47D-0B59-4B9E-B8C6-DD2DD834141F}"
EndProject
Project("{2150E333-8FDC-42A3-9474-1A3956D46DE8}") = "Solution Items", "Solution Items", "{93A25A85-92D9-40DB-A2DB-A9CFAE4B4DDA}"
	ProjectSection(SolutionItems) = preProject
		.editorconfig = .editorconfig
	EndProjectSection
EndProject
Global
	GlobalSection(SolutionConfigurationPlatforms) = preSolution
		Debug|Any CPU = Debug|Any CPU
		ExportDebug|Any CPU = ExportDebug|Any CPU
		ExportRelease|Any CPU = ExportRelease|Any CPU
	EndGlobalSection
	GlobalSection(ProjectConfigurationPlatforms) = postSolution
		{F8FDD47D-0B59-4B9E-B8C6-DD2DD834141F}.Debug|Any CPU.ActiveCfg = Debug|Any CPU
		{F8FDD47D-0B59-4B9E-B8C6-DD2DD834141F}.Debug|Any CPU.Build.0 = Debug|Any CPU
		{F8FDD47D-0B59-4B9E-B8C6-DD2DD834141F}.ExportDebug|Any CPU.ActiveCfg = ExportDebug|Any CPU
		{F8FDD47D-0B59-4B9E-B8C6-DD2DD834141F}.ExportDebug|Any CPU.Build.0 = ExportDebug|Any CPU
		{F8FDD47D-0B59-4B9E-B8C6-DD2DD834141F}.ExportRelease|Any CPU.ActiveCfg = ExportRelease|Any CPU
		{F8FDD47D-0B59-4B9E-B8C6-DD2DD834141F}.ExportRelease|Any CPU.Build.0 = ExportRelease|Any CPU
	EndGlobalSection
	GlobalSection(SolutionProperties) = preSolution
		HideSolutionNode = FALSE
	EndGlobalSection
EndGlobal
